Microsoft Visual Studio Solution File, Format Version 11.00
# Visual Studio 2008

Project("{DC89D372-0EA6-D738-DB80-481AF4CACCCF}") = "PetaGame5", "Assembly-CSharp-firstpass.csproj", "{B7E64BC4-8CFD-1191-4C49-EA33F6F92036}"
EndProject
Project("{DC89D372-0EA6-D738-DB80-481AF4CACCCF}") = "PetaGame5", "Assembly-CSharp.csproj", "{C91FF2F6-C8A3-8694-8777-F1DB47640955}"
EndProject
Project("{DC89D372-0EA6-D738-DB80-481AF4CACCCF}") = "PetaGame5", "Assembly-CSharp-Editor.csproj", "{6216A946-583F-B853-7EC2-508642BB4096}"
EndProject
Global
	GlobalSection(SolutionConfigurationPlatforms) = preSolution
		Debug|Any CPU = Debug|Any CPU
		Release|Any CPU = Release|Any CPU
	EndGlobalSection
	GlobalSection(ProjectConfigurationPlatforms) = postSolution
		{B7E64BC4-8CFD-1191-4C49-EA33F6F92036}.Debug|Any CPU.ActiveCfg = Debug|Any CPU
		{B7E64BC4-8CFD-1191-4C49-EA33F6F92036}.Debug|Any CPU.Build.0 = Debug|Any CPU
		{B7E64BC4-8CFD-1191-4C49-EA33F6F92036}.Release|Any CPU.ActiveCfg = Release|Any CPU
		{B7E64BC4-8CFD-1191-4C49-EA33F6F92036}.Release|Any CPU.Build.0 = Release|Any CPU
		{C91FF2F6-C8A3-8694-8777-F1DB47640955}.Debug|Any CPU.ActiveCfg = Debug|Any CPU
		{C91FF2F6-C8A3-8694-8777-F1DB47640955}.Debug|Any CPU.Build.0 = Debug|Any CPU
		{C91FF2F6-C8A3-8694-8777-F1DB47640955}.Release|Any CPU.ActiveCfg = Release|Any CPU
		{C91FF2F6-C8A3-8694-8777-F1DB47640955}.Release|Any CPU.Build.0 = Release|Any CPU
		{6216A946-583F-B853-7EC2-508642BB4096}.Debug|Any CPU.ActiveCfg = Debug|Any CPU
		{6216A946-583F-B853-7EC2-508642BB4096}.Debug|Any CPU.Build.0 = Debug|Any CPU
		{6216A946-583F-B853-7EC2-508642BB4096}.Release|Any CPU.ActiveCfg = Release|Any CPU
		{6216A946-583F-B853-7EC2-508642BB4096}.Release|Any CPU.Build.0 = Release|Any CPU
	EndGlobalSection
	GlobalSection(SolutionProperties) = preSolution
		HideSolutionNode = FALSE
	EndGlobalSection
	GlobalSection(MonoDevelopProperties) = preSolution
		StartupItem = Assembly-CSharp.csproj
	EndGlobalSection
EndGlobal
