Microsoft Visual Studio Solution File, Format Version 11.00
# Visual Studio 2008

Project("{5A6F33E2-0DFB-3B04-DA20-6EF08C5FC84C}") = "PetaGame7", "Assembly-CSharp-firstpass.csproj", "{624F1F18-C559-53D9-6235-791BA60EF18F}"
EndProject
Project("{5A6F33E2-0DFB-3B04-DA20-6EF08C5FC84C}") = "PetaGame7", "Assembly-CSharp.csproj", "{91881DE6-6250-8B53-C7A5-97146C9F048F}"
EndProject
Project("{5A6F33E2-0DFB-3B04-DA20-6EF08C5FC84C}") = "PetaGame7", "Assembly-CSharp-Editor.csproj", "{55DB8203-4328-216C-E035-67DE70EEC849}"
EndProject
Global
	GlobalSection(SolutionConfigurationPlatforms) = preSolution
		Debug|Any CPU = Debug|Any CPU
		Release|Any CPU = Release|Any CPU
	EndGlobalSection
	GlobalSection(ProjectConfigurationPlatforms) = postSolution
		{624F1F18-C559-53D9-6235-791BA60EF18F}.Debug|Any CPU.ActiveCfg = Debug|Any CPU
		{624F1F18-C559-53D9-6235-791BA60EF18F}.Debug|Any CPU.Build.0 = Debug|Any CPU
		{624F1F18-C559-53D9-6235-791BA60EF18F}.Release|Any CPU.ActiveCfg = Release|Any CPU
		{624F1F18-C559-53D9-6235-791BA60EF18F}.Release|Any CPU.Build.0 = Release|Any CPU
		{91881DE6-6250-8B53-C7A5-97146C9F048F}.Debug|Any CPU.ActiveCfg = Debug|Any CPU
		{91881DE6-6250-8B53-C7A5-97146C9F048F}.Debug|Any CPU.Build.0 = Debug|Any CPU
		{91881DE6-6250-8B53-C7A5-97146C9F048F}.Release|Any CPU.ActiveCfg = Release|Any CPU
		{91881DE6-6250-8B53-C7A5-97146C9F048F}.Release|Any CPU.Build.0 = Release|Any CPU
		{55DB8203-4328-216C-E035-67DE70EEC849}.Debug|Any CPU.ActiveCfg = Debug|Any CPU
		{55DB8203-4328-216C-E035-67DE70EEC849}.Debug|Any CPU.Build.0 = Debug|Any CPU
		{55DB8203-4328-216C-E035-67DE70EEC849}.Release|Any CPU.ActiveCfg = Release|Any CPU
		{55DB8203-4328-216C-E035-67DE70EEC849}.Release|Any CPU.Build.0 = Release|Any CPU
	EndGlobalSection
	GlobalSection(SolutionProperties) = preSolution
		HideSolutionNode = FALSE
	EndGlobalSection
	GlobalSection(MonoDevelopProperties) = preSolution
		StartupItem = Assembly-CSharp.csproj
	EndGlobalSection
EndGlobal
