Microsoft Visual Studio Solution File, Format Version 11.00
# Visual Studio 2008

Project("{B162D8B1-4E5C-FD22-0137-42990B22B32A}") = "PetaGame11 copy", "Assembly-CSharp-firstpass.csproj", "{56F2529B-C636-B094-3E00-CDFB7C38CA03}"
EndProject
Project("{B162D8B1-4E5C-FD22-0137-42990B22B32A}") = "PetaGame11 copy", "Assembly-CSharp.csproj", "{2995DA56-9822-EE30-D717-4C2DD390D2BD}"
EndProject
Project("{B162D8B1-4E5C-FD22-0137-42990B22B32A}") = "PetaGame11 copy", "Assembly-CSharp-Editor.csproj", "{B554C72D-4FC7-B8A7-9720-43857DE497A1}"
EndProject
Global
	GlobalSection(SolutionConfigurationPlatforms) = preSolution
		Debug|Any CPU = Debug|Any CPU
		Release|Any CPU = Release|Any CPU
	EndGlobalSection
	GlobalSection(ProjectConfigurationPlatforms) = postSolution
		{56F2529B-C636-B094-3E00-CDFB7C38CA03}.Debug|Any CPU.ActiveCfg = Debug|Any CPU
		{56F2529B-C636-B094-3E00-CDFB7C38CA03}.Debug|Any CPU.Build.0 = Debug|Any CPU
		{56F2529B-C636-B094-3E00-CDFB7C38CA03}.Release|Any CPU.ActiveCfg = Release|Any CPU
		{56F2529B-C636-B094-3E00-CDFB7C38CA03}.Release|Any CPU.Build.0 = Release|Any CPU
		{2995DA56-9822-EE30-D717-4C2DD390D2BD}.Debug|Any CPU.ActiveCfg = Debug|Any CPU
		{2995DA56-9822-EE30-D717-4C2DD390D2BD}.Debug|Any CPU.Build.0 = Debug|Any CPU
		{2995DA56-9822-EE30-D717-4C2DD390D2BD}.Release|Any CPU.ActiveCfg = Release|Any CPU
		{2995DA56-9822-EE30-D717-4C2DD390D2BD}.Release|Any CPU.Build.0 = Release|Any CPU
		{B554C72D-4FC7-B8A7-9720-43857DE497A1}.Debug|Any CPU.ActiveCfg = Debug|Any CPU
		{B554C72D-4FC7-B8A7-9720-43857DE497A1}.Debug|Any CPU.Build.0 = Debug|Any CPU
		{B554C72D-4FC7-B8A7-9720-43857DE497A1}.Release|Any CPU.ActiveCfg = Release|Any CPU
		{B554C72D-4FC7-B8A7-9720-43857DE497A1}.Release|Any CPU.Build.0 = Release|Any CPU
	EndGlobalSection
	GlobalSection(SolutionProperties) = preSolution
		HideSolutionNode = FALSE
	EndGlobalSection
	GlobalSection(MonoDevelopProperties) = preSolution
		StartupItem = Assembly-CSharp.csproj
	EndGlobalSection
EndGlobal
